
Microsoft Visual Studio Solution File, Format Version 12.00
# Visual Studio 2012
Project("{FAE04EC0-301F-11D3-BF4B-00C04F79EFBC}") = "methodForm", "methodForm\methodForm.csproj", "{A7BA492E-DD79-4CEF-A46E-1F6B8BC43236}"
EndProject
Project("{FAE04EC0-301F-11D3-BF4B-00C04F79EFBC}") = "data", "ClassLibrary1\data.csproj", "{100CDD7E-6CE5-4D3A-8565-6F87F83F5DB6}"
EndProject
Global
	GlobalSection(SolutionConfigurationPlatforms) = preSolution
		Debug|Any CPU = Debug|Any CPU
		Release|Any CPU = Release|Any CPU
	EndGlobalSection
	GlobalSection(ProjectConfigurationPlatforms) = postSolution
		{A7BA492E-DD79-4CEF-A46E-1F6B8BC43236}.Debug|Any CPU.ActiveCfg = Debug|Any CPU
		{A7BA492E-DD79-4CEF-A46E-1F6B8BC43236}.Debug|Any CPU.Build.0 = Debug|Any CPU
		{A7BA492E-DD79-4CEF-A46E-1F6B8BC43236}.Release|Any CPU.ActiveCfg = Release|Any CPU
		{A7BA492E-DD79-4CEF-A46E-1F6B8BC43236}.Release|Any CPU.Build.0 = Release|Any CPU
		{100CDD7E-6CE5-4D3A-8565-6F87F83F5DB6}.Debug|Any CPU.ActiveCfg = Debug|Any CPU
		{100CDD7E-6CE5-4D3A-8565-6F87F83F5DB6}.Debug|Any CPU.Build.0 = Debug|Any CPU
		{100CDD7E-6CE5-4D3A-8565-6F87F83F5DB6}.Release|Any CPU.ActiveCfg = Release|Any CPU
		{100CDD7E-6CE5-4D3A-8565-6F87F83F5DB6}.Release|Any CPU.Build.0 = Release|Any CPU
	EndGlobalSection
	GlobalSection(SolutionProperties) = preSolution
		HideSolutionNode = FALSE
	EndGlobalSection
EndGlobal
